// !$*UTF8*$!
{
	archiveVersion = 1;
	classes = {
	};
	objectVersion = 51;
	objects = {

/* Begin PBXBuildFile section */
		043CE6982631F68400825E78 /* AppDelegate.swift in Sources */ = {isa = PBXBuildFile; fileRef = 043CE6972631F68400825E78 /* AppDelegate.swift */; };
		043CE69A2631F68400825E78 /* SceneDelegate.swift in Sources */ = {isa = PBXBuildFile; fileRef = 043CE6992631F68400825E78 /* SceneDelegate.swift */; };
		043CE6A12631F68600825E78 /* Assets.xcassets in Resources */ = {isa = PBXBuildFile; fileRef = 043CE6A02631F68600825E78 /* Assets.xcassets */; };
		043CE6A42631F68600825E78 /* LaunchScreen.storyboard in Resources */ = {isa = PBXBuildFile; fileRef = 043CE6A22631F68600825E78 /* LaunchScreen.storyboard */; };
		043CE6B72631F84700825E78 /* BaseViewController.swift in Sources */ = {isa = PBXBuildFile; fileRef = 043CE6B62631F84700825E78 /* BaseViewController.swift */; };
		043CE6BA2631F87200825E78 /* BaseViewModelChange.swift in Sources */ = {isa = PBXBuildFile; fileRef = 043CE6B92631F87200825E78 /* BaseViewModelChange.swift */; };
		043CE6BD2631F88C00825E78 /* DataManager.swift in Sources */ = {isa = PBXBuildFile; fileRef = 043CE6BC2631F88C00825E78 /* DataManager.swift */; };
		043CE6DE2631FBF900825E78 /* LoginViewModel.swift in Sources */ = {isa = PBXBuildFile; fileRef = 043CE6DD2631FBF900825E78 /* LoginViewModel.swift */; };
		043CE6E22631FC0A00825E78 /* LoginViewController.swift in Sources */ = {isa = PBXBuildFile; fileRef = 043CE6E02631FC0A00825E78 /* LoginViewController.swift */; };
		043CE6EB2631FDC800825E78 /* UIView+Extension.swift in Sources */ = {isa = PBXBuildFile; fileRef = 043CE6EA2631FDC800825E78 /* UIView+Extension.swift */; };
		043CE6EF2632003100825E78 /* Login.storyboard in Resources */ = {isa = PBXBuildFile; fileRef = 043CE6EE2632003100825E78 /* Login.storyboard */; };
		043CE6F9263206FF00825E78 /* RegisterViewController.swift in Sources */ = {isa = PBXBuildFile; fileRef = 043CE6F7263206FF00825E78 /* RegisterViewController.swift */; };
		043CE6FA263206FF00825E78 /* RegisterViewController.xib in Resources */ = {isa = PBXBuildFile; fileRef = 043CE6F8263206FF00825E78 /* RegisterViewController.xib */; };
		043CE6FE2632070E00825E78 /* RegisterViewModel.swift in Sources */ = {isa = PBXBuildFile; fileRef = 043CE6FD2632070E00825E78 /* RegisterViewModel.swift */; };
		0490AC8426326C8100069876 /* HomeViewModel.swift in Sources */ = {isa = PBXBuildFile; fileRef = 0490AC8326326C8100069876 /* HomeViewModel.swift */; };
		0490AC8926326C9300069876 /* HomeViewController.swift in Sources */ = {isa = PBXBuildFile; fileRef = 0490AC8726326C9300069876 /* HomeViewController.swift */; };
		0490AC8A26326C9300069876 /* HomeViewController.xib in Resources */ = {isa = PBXBuildFile; fileRef = 0490AC8826326C9300069876 /* HomeViewController.xib */; };
		0490AC8D2632AC6500069876 /* String+Extension.swift in Sources */ = {isa = PBXBuildFile; fileRef = 0490AC8C2632AC6500069876 /* String+Extension.swift */; };
		0490ACA82634ECD000069876 /* BannerView.swift in Sources */ = {isa = PBXBuildFile; fileRef = 0490ACA72634ECD000069876 /* BannerView.swift */; };
		0490ACAB2634ED0600069876 /* BaseView.swift in Sources */ = {isa = PBXBuildFile; fileRef = 0490ACAA2634ED0600069876 /* BaseView.swift */; };
		4F7CF02E2633C6690025C25E /* VerifyCodeViewModel.swift in Sources */ = {isa = PBXBuildFile; fileRef = 4F7CF02D2633C6690025C25E /* VerifyCodeViewModel.swift */; };
		4F7CF0322633C6740025C25E /* VerifyCodeViewController.swift in Sources */ = {isa = PBXBuildFile; fileRef = 4F7CF0302633C6740025C25E /* VerifyCodeViewController.swift */; };
		4F7CF0332633C6740025C25E /* VerifyCodeViewController.xib in Resources */ = {isa = PBXBuildFile; fileRef = 4F7CF0312633C6740025C25E /* VerifyCodeViewController.xib */; };
		651A5315D26898B46FE44929 /* Pods_Login_MVVM_RxSwift.framework in Frameworks */ = {isa = PBXBuildFile; fileRef = C5D58952A8A24D0FA29BA718 /* Pods_Login_MVVM_RxSwift.framework */; };
/* End PBXBuildFile section */

/* Begin PBXFileReference section */
		043CE6942631F68400825E78 /* Login_MVVM_RxSwift.app */ = {isa = PBXFileReference; explicitFileType = wrapper.application; includeInIndex = 0; path = Login_MVVM_RxSwift.app; sourceTree = BUILT_PRODUCTS_DIR; };
		043CE6972631F68400825E78 /* AppDelegate.swift */ = {isa = PBXFileReference; lastKnownFileType = sourcecode.swift; path = AppDelegate.swift; sourceTree = "<group>"; };
		043CE6992631F68400825E78 /* SceneDelegate.swift */ = {isa = PBXFileReference; lastKnownFileType = sourcecode.swift; path = SceneDelegate.swift; sourceTree = "<group>"; };
		043CE6A02631F68600825E78 /* Assets.xcassets */ = {isa = PBXFileReference; lastKnownFileType = folder.assetcatalog; path = Assets.xcassets; sourceTree = "<group>"; };
		043CE6A32631F68600825E78 /* Base */ = {isa = PBXFileReference; lastKnownFileType = file.storyboard; name = Base; path = Base.lproj/LaunchScreen.storyboard; sourceTree = "<group>"; };
		043CE6A52631F68600825E78 /* Info.plist */ = {isa = PBXFileReference; lastKnownFileType = text.plist.xml; path = Info.plist; sourceTree = "<group>"; };
		043CE6B62631F84700825E78 /* BaseViewController.swift */ = {isa = PBXFileReference; lastKnownFileType = sourcecode.swift; path = BaseViewController.swift; sourceTree = "<group>"; };
		043CE6B92631F87200825E78 /* BaseViewModelChange.swift */ = {isa = PBXFileReference; lastKnownFileType = sourcecode.swift; path = BaseViewModelChange.swift; sourceTree = "<group>"; };
		043CE6BC2631F88C00825E78 /* DataManager.swift */ = {isa = PBXFileReference; lastKnownFileType = sourcecode.swift; path = DataManager.swift; sourceTree = "<group>"; };
		043CE6DD2631FBF900825E78 /* LoginViewModel.swift */ = {isa = PBXFileReference; lastKnownFileType = sourcecode.swift; path = LoginViewModel.swift; sourceTree = "<group>"; };
		043CE6E02631FC0A00825E78 /* LoginViewController.swift */ = {isa = PBXFileReference; lastKnownFileType = sourcecode.swift; path = LoginViewController.swift; sourceTree = "<group>"; };
		043CE6EA2631FDC800825E78 /* UIView+Extension.swift */ = {isa = PBXFileReference; fileEncoding = 4; lastKnownFileType = sourcecode.swift; path = "UIView+Extension.swift"; sourceTree = "<group>"; };
		043CE6EE2632003100825E78 /* Login.storyboard */ = {isa = PBXFileReference; lastKnownFileType = file.storyboard; path = Login.storyboard; sourceTree = "<group>"; };
		043CE6F7263206FF00825E78 /* RegisterViewController.swift */ = {isa = PBXFileReference; lastKnownFileType = sourcecode.swift; path = RegisterViewController.swift; sourceTree = "<group>"; };
		043CE6F8263206FF00825E78 /* RegisterViewController.xib */ = {isa = PBXFileReference; lastKnownFileType = file.xib; path = RegisterViewController.xib; sourceTree = "<group>"; };
		043CE6FD2632070E00825E78 /* RegisterViewModel.swift */ = {isa = PBXFileReference; lastKnownFileType = sourcecode.swift; path = RegisterViewModel.swift; sourceTree = "<group>"; };
		0490AC8326326C8100069876 /* HomeViewModel.swift */ = {isa = PBXFileReference; lastKnownFileType = sourcecode.swift; path = HomeViewModel.swift; sourceTree = "<group>"; };
		0490AC8726326C9300069876 /* HomeViewController.swift */ = {isa = PBXFileReference; lastKnownFileType = sourcecode.swift; path = HomeViewController.swift; sourceTree = "<group>"; };
		0490AC8826326C9300069876 /* HomeViewController.xib */ = {isa = PBXFileReference; lastKnownFileType = file.xib; path = HomeViewController.xib; sourceTree = "<group>"; };
		0490AC8C2632AC6500069876 /* String+Extension.swift */ = {isa = PBXFileReference; lastKnownFileType = sourcecode.swift; path = "String+Extension.swift"; sourceTree = "<group>"; };
		0490ACA72634ECD000069876 /* BannerView.swift */ = {isa = PBXFileReference; fileEncoding = 4; lastKnownFileType = sourcecode.swift; path = BannerView.swift; sourceTree = "<group>"; };
		0490ACAA2634ED0600069876 /* BaseView.swift */ = {isa = PBXFileReference; lastKnownFileType = sourcecode.swift; path = BaseView.swift; sourceTree = "<group>"; };
		0F2523587C5D4361560DA1D0 /* Pods-Login_MVVM_RxSwift.release.xcconfig */ = {isa = PBXFileReference; includeInIndex = 1; lastKnownFileType = text.xcconfig; name = "Pods-Login_MVVM_RxSwift.release.xcconfig"; path = "Target Support Files/Pods-Login_MVVM_RxSwift/Pods-Login_MVVM_RxSwift.release.xcconfig"; sourceTree = "<group>"; };
		4F7CF02D2633C6690025C25E /* VerifyCodeViewModel.swift */ = {isa = PBXFileReference; lastKnownFileType = sourcecode.swift; path = VerifyCodeViewModel.swift; sourceTree = "<group>"; };
		4F7CF0302633C6740025C25E /* VerifyCodeViewController.swift */ = {isa = PBXFileReference; lastKnownFileType = sourcecode.swift; path = VerifyCodeViewController.swift; sourceTree = "<group>"; };
		4F7CF0312633C6740025C25E /* VerifyCodeViewController.xib */ = {isa = PBXFileReference; lastKnownFileType = file.xib; path = VerifyCodeViewController.xib; sourceTree = "<group>"; };
		B084B853AF8E6058C01004E8 /* Pods-Login_MVVM_RxSwift.debug.xcconfig */ = {isa = PBXFileReference; includeInIndex = 1; lastKnownFileType = text.xcconfig; name = "Pods-Login_MVVM_RxSwift.debug.xcconfig"; path = "Target Support Files/Pods-Login_MVVM_RxSwift/Pods-Login_MVVM_RxSwift.debug.xcconfig"; sourceTree = "<group>"; };
		C5D58952A8A24D0FA29BA718 /* Pods_Login_MVVM_RxSwift.framework */ = {isa = PBXFileReference; explicitFileType = wrapper.framework; includeInIndex = 0; path = Pods_Login_MVVM_RxSwift.framework; sourceTree = BUILT_PRODUCTS_DIR; };
/* End PBXFileReference section */

/* Begin PBXFrameworksBuildPhase section */
		043CE6912631F68400825E78 /* Frameworks */ = {
			isa = PBXFrameworksBuildPhase;
			buildActionMask = 2147483647;
			files = (
				651A5315D26898B46FE44929 /* Pods_Login_MVVM_RxSwift.framework in Frameworks */,
			);
			runOnlyForDeploymentPostprocessing = 0;
		};
/* End PBXFrameworksBuildPhase section */

/* Begin PBXGroup section */
		02CFF9AEA127BA2D06BC44EB /* Pods */ = {
			isa = PBXGroup;
			children = (
				B084B853AF8E6058C01004E8 /* Pods-Login_MVVM_RxSwift.debug.xcconfig */,
				0F2523587C5D4361560DA1D0 /* Pods-Login_MVVM_RxSwift.release.xcconfig */,
			);
			path = Pods;
			sourceTree = "<group>";
		};
		043CE68B2631F68400825E78 = {
			isa = PBXGroup;
			children = (
				043CE6962631F68400825E78 /* Login_MVVM_RxSwift */,
				043CE6952631F68400825E78 /* Products */,
				02CFF9AEA127BA2D06BC44EB /* Pods */,
				3C232C1D3D76E319193860B8 /* Frameworks */,
			);
			sourceTree = "<group>";
		};
		043CE6952631F68400825E78 /* Products */ = {
			isa = PBXGroup;
			children = (
				043CE6942631F68400825E78 /* Login_MVVM_RxSwift.app */,
			);
			name = Products;
			sourceTree = "<group>";
		};
		043CE6962631F68400825E78 /* Login_MVVM_RxSwift */ = {
			isa = PBXGroup;
			children = (
				043CE6A52631F68600825E78 /* Info.plist */,
				043CE6B42631F7E000825E78 /* Main */,
				043CE6B32631F7D500825E78 /* BaseApp */,
				043CE6B52631F7FC00825E78 /* Screen */,
			);
			path = Login_MVVM_RxSwift;
			sourceTree = "<group>";
		};
		043CE6B32631F7D500825E78 /* BaseApp */ = {
			isa = PBXGroup;
			children = (
				0490ACA62634ECC200069876 /* CommonView */,
				043CE6E82631FDA300825E78 /* Base */,
				043CE6E62631FD9D00825E78 /* Extension */,
			);
			path = BaseApp;
			sourceTree = "<group>";
		};
		043CE6B42631F7E000825E78 /* Main */ = {
			isa = PBXGroup;
			children = (
				043CE6972631F68400825E78 /* AppDelegate.swift */,
				043CE6992631F68400825E78 /* SceneDelegate.swift */,
				043CE6A02631F68600825E78 /* Assets.xcassets */,
				043CE6A22631F68600825E78 /* LaunchScreen.storyboard */,
			);
			path = Main;
			sourceTree = "<group>";
		};
		043CE6B52631F7FC00825E78 /* Screen */ = {
			isa = PBXGroup;
			children = (
				043CE6DC2631FBDD00825E78 /* Login */,
				4F7CF02C2633C62F0025C25E /* VerifyCode */,
				043CE6F62632066500825E78 /* Register */,
				0490AC8226326C6D00069876 /* Home */,
			);
			path = Screen;
			sourceTree = "<group>";
		};
		043CE6DC2631FBDD00825E78 /* Login */ = {
			isa = PBXGroup;
			children = (
				043CE6DD2631FBF900825E78 /* LoginViewModel.swift */,
				043CE6E02631FC0A00825E78 /* LoginViewController.swift */,
				043CE6EE2632003100825E78 /* Login.storyboard */,
			);
			path = Login;
			sourceTree = "<group>";
		};
		043CE6E62631FD9D00825E78 /* Extension */ = {
			isa = PBXGroup;
			children = (
				043CE6EA2631FDC800825E78 /* UIView+Extension.swift */,
				0490AC8C2632AC6500069876 /* String+Extension.swift */,
			);
			path = Extension;
			sourceTree = "<group>";
		};
		043CE6E82631FDA300825E78 /* Base */ = {
			isa = PBXGroup;
			children = (
				043CE6B62631F84700825E78 /* BaseViewController.swift */,
				043CE6B92631F87200825E78 /* BaseViewModelChange.swift */,
				043CE6BC2631F88C00825E78 /* DataManager.swift */,
			);
			path = Base;
			sourceTree = "<group>";
		};
		043CE6F62632066500825E78 /* Register */ = {
			isa = PBXGroup;
			children = (
				043CE6FD2632070E00825E78 /* RegisterViewModel.swift */,
				043CE6F7263206FF00825E78 /* RegisterViewController.swift */,
				043CE6F8263206FF00825E78 /* RegisterViewController.xib */,
			);
			path = Register;
			sourceTree = "<group>";
		};
		0490AC8226326C6D00069876 /* Home */ = {
			isa = PBXGroup;
			children = (
				0490AC8326326C8100069876 /* HomeViewModel.swift */,
				0490AC8726326C9300069876 /* HomeViewController.swift */,
				0490AC8826326C9300069876 /* HomeViewController.xib */,
			);
			path = Home;
			sourceTree = "<group>";
		};
		0490ACA62634ECC200069876 /* CommonView */ = {
			isa = PBXGroup;
			children = (
				0490ACA72634ECD000069876 /* BannerView.swift */,
				0490ACAA2634ED0600069876 /* BaseView.swift */,
			);
			path = CommonView;
			sourceTree = "<group>";
		};
		3C232C1D3D76E319193860B8 /* Frameworks */ = {
			isa = PBXGroup;
			children = (
				C5D58952A8A24D0FA29BA718 /* Pods_Login_MVVM_RxSwift.framework */,
			);
			name = Frameworks;
			sourceTree = "<group>";
		};
		4F7CF02C2633C62F0025C25E /* VerifyCode */ = {
			isa = PBXGroup;
			children = (
				4F7CF02D2633C6690025C25E /* VerifyCodeViewModel.swift */,
				4F7CF0302633C6740025C25E /* VerifyCodeViewController.swift */,
				4F7CF0312633C6740025C25E /* VerifyCodeViewController.xib */,
			);
			path = VerifyCode;
			sourceTree = "<group>";
		};
/* End PBXGroup section */

/* Begin PBXNativeTarget section */
		043CE6932631F68400825E78 /* Login_MVVM_RxSwift */ = {
			isa = PBXNativeTarget;
			buildConfigurationList = 043CE6A82631F68600825E78 /* Build configuration list for PBXNativeTarget "Login_MVVM_RxSwift" */;
			buildPhases = (
				16D5D249AE4F58DB97665F71 /* [CP] Check Pods Manifest.lock */,
				043CE6902631F68400825E78 /* Sources */,
				043CE6912631F68400825E78 /* Frameworks */,
				043CE6922631F68400825E78 /* Resources */,
				7828B6C86BDC9F64FCC945F1 /* [CP] Embed Pods Frameworks */,
			);
			buildRules = (
			);
			dependencies = (
			);
			name = Login_MVVM_RxSwift;
			productName = Login_MVVM_RxSwift;
			productReference = 043CE6942631F68400825E78 /* Login_MVVM_RxSwift.app */;
			productType = "com.apple.product-type.application";
		};
/* End PBXNativeTarget section */

/* Begin PBXProject section */
		043CE68C2631F68400825E78 /* Project object */ = {
			isa = PBXProject;
			attributes = {
				LastSwiftUpdateCheck = 1240;
				LastUpgradeCheck = 1240;
				TargetAttributes = {
					043CE6932631F68400825E78 = {
						CreatedOnToolsVersion = 12.4;
					};
				};
			};
			buildConfigurationList = 043CE68F2631F68400825E78 /* Build configuration list for PBXProject "Login_MVVM_RxSwift" */;
			compatibilityVersion = "Xcode 9.3";
			developmentRegion = en;
			hasScannedForEncodings = 0;
			knownRegions = (
				en,
				Base,
			);
			mainGroup = 043CE68B2631F68400825E78;
			productRefGroup = 043CE6952631F68400825E78 /* Products */;
			projectDirPath = "";
			projectRoot = "";
			targets = (
				043CE6932631F68400825E78 /* Login_MVVM_RxSwift */,
			);
		};
/* End PBXProject section */

/* Begin PBXResourcesBuildPhase section */
		043CE6922631F68400825E78 /* Resources */ = {
			isa = PBXResourcesBuildPhase;
			buildActionMask = 2147483647;
			files = (
				043CE6EF2632003100825E78 /* Login.storyboard in Resources */,
				043CE6A42631F68600825E78 /* LaunchScreen.storyboard in Resources */,
				4F7CF0332633C6740025C25E /* VerifyCodeViewController.xib in Resources */,
				0490AC8A26326C9300069876 /* HomeViewController.xib in Resources */,
				043CE6A12631F68600825E78 /* Assets.xcassets in Resources */,
				043CE6FA263206FF00825E78 /* RegisterViewController.xib in Resources */,
			);
			runOnlyForDeploymentPostprocessing = 0;
		};
/* End PBXResourcesBuildPhase section */

/* Begin PBXShellScriptBuildPhase section */
		16D5D249AE4F58DB97665F71 /* [CP] Check Pods Manifest.lock */ = {
			isa = PBXShellScriptBuildPhase;
			buildActionMask = 2147483647;
			files = (
			);
			inputFileListPaths = (
			);
			inputPaths = (
				"${PODS_PODFILE_DIR_PATH}/Podfile.lock",
				"${PODS_ROOT}/Manifest.lock",
			);
			name = "[CP] Check Pods Manifest.lock";
			outputFileListPaths = (
			);
			outputPaths = (
				"$(DERIVED_FILE_DIR)/Pods-Login_MVVM_RxSwift-checkManifestLockResult.txt",
			);
			runOnlyForDeploymentPostprocessing = 0;
			shellPath = /bin/sh;
			shellScript = "diff \"${PODS_PODFILE_DIR_PATH}/Podfile.lock\" \"${PODS_ROOT}/Manifest.lock\" > /dev/null\nif [ $? != 0 ] ; then\n    # print error to STDERR\n    echo \"error: The sandbox is not in sync with the Podfile.lock. Run 'pod install' or update your CocoaPods installation.\" >&2\n    exit 1\nfi\n# This output is used by Xcode 'outputs' to avoid re-running this script phase.\necho \"SUCCESS\" > \"${SCRIPT_OUTPUT_FILE_0}\"\n";
			showEnvVarsInLog = 0;
		};
		7828B6C86BDC9F64FCC945F1 /* [CP] Embed Pods Frameworks */ = {
			isa = PBXShellScriptBuildPhase;
			buildActionMask = 2147483647;
			files = (
			);
			inputFileListPaths = (
				"${PODS_ROOT}/Target Support Files/Pods-Login_MVVM_RxSwift/Pods-Login_MVVM_RxSwift-frameworks-${CONFIGURATION}-input-files.xcfilelist",
			);
			name = "[CP] Embed Pods Frameworks";
			outputFileListPaths = (
				"${PODS_ROOT}/Target Support Files/Pods-Login_MVVM_RxSwift/Pods-Login_MVVM_RxSwift-frameworks-${CONFIGURATION}-output-files.xcfilelist",
			);
			runOnlyForDeploymentPostprocessing = 0;
			shellPath = /bin/sh;
			shellScript = "\"${PODS_ROOT}/Target Support Files/Pods-Login_MVVM_RxSwift/Pods-Login_MVVM_RxSwift-frameworks.sh\"\n";
			showEnvVarsInLog = 0;
		};
/* End PBXShellScriptBuildPhase section */

/* Begin PBXSourcesBuildPhase section */
		043CE6902631F68400825E78 /* Sources */ = {
			isa = PBXSourcesBuildPhase;
			buildActionMask = 2147483647;
			files = (
				043CE6F9263206FF00825E78 /* RegisterViewController.swift in Sources */,
				4F7CF0322633C6740025C25E /* VerifyCodeViewController.swift in Sources */,
				0490AC8426326C8100069876 /* HomeViewModel.swift in Sources */,
				0490ACAB2634ED0600069876 /* BaseView.swift in Sources */,
				4F7CF02E2633C6690025C25E /* VerifyCodeViewModel.swift in Sources */,
				043CE6FE2632070E00825E78 /* RegisterViewModel.swift in Sources */,
				043CE6BA2631F87200825E78 /* BaseViewModelChange.swift in Sources */,
				043CE6BD2631F88C00825E78 /* DataManager.swift in Sources */,
				043CE6EB2631FDC800825E78 /* UIView+Extension.swift in Sources */,
				0490AC8D2632AC6500069876 /* String+Extension.swift in Sources */,
				043CE6B72631F84700825E78 /* BaseViewController.swift in Sources */,
				043CE6E22631FC0A00825E78 /* LoginViewController.swift in Sources */,
				043CE6982631F68400825E78 /* AppDelegate.swift in Sources */,
				0490ACA82634ECD000069876 /* BannerView.swift in Sources */,
				043CE69A2631F68400825E78 /* SceneDelegate.swift in Sources */,
				043CE6DE2631FBF900825E78 /* LoginViewModel.swift in Sources */,
				0490AC8926326C9300069876 /* HomeViewController.swift in Sources */,
			);
			runOnlyForDeploymentPostprocessing = 0;
		};
/* End PBXSourcesBuildPhase section */

/* Begin PBXVariantGroup section */
		043CE6A22631F68600825E78 /* LaunchScreen.storyboard */ = {
			isa = PBXVariantGroup;
			children = (
				043CE6A32631F68600825E78 /* Base */,
			);
			name = LaunchScreen.storyboard;
			sourceTree = "<group>";
		};
/* End PBXVariantGroup section */

/* Begin XCBuildConfiguration section */
		043CE6A62631F68600825E78 /* Debug */ = {
			isa = XCBuildConfiguration;
			buildSettings = {
				ALWAYS_SEARCH_USER_PATHS = NO;
				CLANG_ANALYZER_NONNULL = YES;
				CLANG_ANALYZER_NUMBER_OBJECT_CONVERSION = YES_AGGRESSIVE;
				CLANG_CXX_LANGUAGE_STANDARD = "gnu++14";
				CLANG_CXX_LIBRARY = "libc++";
				CLANG_ENABLE_MODULES = YES;
				CLANG_ENABLE_OBJC_ARC = YES;
				CLANG_ENABLE_OBJC_WEAK = YES;
				CLANG_WARN_BLOCK_CAPTURE_AUTORELEASING = YES;
				CLANG_WARN_BOOL_CONVERSION = YES;
				CLANG_WARN_COMMA = YES;
				CLANG_WARN_CONSTANT_CONVERSION = YES;
				CLANG_WARN_DEPRECATED_OBJC_IMPLEMENTATIONS = YES;
				CLANG_WARN_DIRECT_OBJC_ISA_USAGE = YES_ERROR;
				CLANG_WARN_DOCUMENTATION_COMMENTS = YES;
				CLANG_WARN_EMPTY_BODY = YES;
				CLANG_WARN_ENUM_CONVERSION = YES;
				CLANG_WARN_INFINITE_RECURSION = YES;
				CLANG_WARN_INT_CONVERSION = YES;
				CLANG_WARN_NON_LITERAL_NULL_CONVERSION = YES;
				CLANG_WARN_OBJC_IMPLICIT_RETAIN_SELF = YES;
				CLANG_WARN_OBJC_LITERAL_CONVERSION = YES;
				CLANG_WARN_OBJC_ROOT_CLASS = YES_ERROR;
				CLANG_WARN_QUOTED_INCLUDE_IN_FRAMEWORK_HEADER = YES;
				CLANG_WARN_RANGE_LOOP_ANALYSIS = YES;
				CLANG_WARN_STRICT_PROTOTYPES = YES;
				CLANG_WARN_SUSPICIOUS_MOVE = YES;
				CLANG_WARN_UNGUARDED_AVAILABILITY = YES_AGGRESSIVE;
				CLANG_WARN_UNREACHABLE_CODE = YES;
				CLANG_WARN__DUPLICATE_METHOD_MATCH = YES;
				COPY_PHASE_STRIP = NO;
				DEBUG_INFORMATION_FORMAT = dwarf;
				ENABLE_STRICT_OBJC_MSGSEND = YES;
				ENABLE_TESTABILITY = YES;
				GCC_C_LANGUAGE_STANDARD = gnu11;
				GCC_DYNAMIC_NO_PIC = NO;
				GCC_NO_COMMON_BLOCKS = YES;
				GCC_OPTIMIZATION_LEVEL = 0;
				GCC_PREPROCESSOR_DEFINITIONS = (
					"DEBUG=1",
					"$(inherited)",
				);
				GCC_WARN_64_TO_32_BIT_CONVERSION = YES;
				GCC_WARN_ABOUT_RETURN_TYPE = YES_ERROR;
				GCC_WARN_UNDECLARED_SELECTOR = YES;
				GCC_WARN_UNINITIALIZED_AUTOS = YES_AGGRESSIVE;
				GCC_WARN_UNUSED_FUNCTION = YES;
				GCC_WARN_UNUSED_VARIABLE = YES;
				IPHONEOS_DEPLOYMENT_TARGET = 13.0;
				MTL_ENABLE_DEBUG_INFO = INCLUDE_SOURCE;
				MTL_FAST_MATH = YES;
				ONLY_ACTIVE_ARCH = YES;
				SDKROOT = iphoneos;
				SWIFT_ACTIVE_COMPILATION_CONDITIONS = DEBUG;
				SWIFT_OPTIMIZATION_LEVEL = "-Onone";
			};
			name = Debug;
		};
		043CE6A72631F68600825E78 /* Release */ = {
			isa = XCBuildConfiguration;
			buildSettings = {
				ALWAYS_SEARCH_USER_PATHS = NO;
				CLANG_ANALYZER_NONNULL = YES;
				CLANG_ANALYZER_NUMBER_OBJECT_CONVERSION = YES_AGGRESSIVE;
				CLANG_CXX_LANGUAGE_STANDARD = "gnu++14";
				CLANG_CXX_LIBRARY = "libc++";
				CLANG_ENABLE_MODULES = YES;
				CLANG_ENABLE_OBJC_ARC = YES;
				CLANG_ENABLE_OBJC_WEAK = YES;
				CLANG_WARN_BLOCK_CAPTURE_AUTORELEASING = YES;
				CLANG_WARN_BOOL_CONVERSION = YES;
				CLANG_WARN_COMMA = YES;
				CLANG_WARN_CONSTANT_CONVERSION = YES;
				CLANG_WARN_DEPRECATED_OBJC_IMPLEMENTATIONS = YES;
				CLANG_WARN_DIRECT_OBJC_ISA_USAGE = YES_ERROR;
				CLANG_WARN_DOCUMENTATION_COMMENTS = YES;
				CLANG_WARN_EMPTY_BODY = YES;
				CLANG_WARN_ENUM_CONVERSION = YES;
				CLANG_WARN_INFINITE_RECURSION = YES;
				CLANG_WARN_INT_CONVERSION = YES;
				CLANG_WARN_NON_LITERAL_NULL_CONVERSION = YES;
				CLANG_WARN_OBJC_IMPLICIT_RETAIN_SELF = YES;
				CLANG_WARN_OBJC_LITERAL_CONVERSION = YES;
				CLANG_WARN_OBJC_ROOT_CLASS = YES_ERROR;
				CLANG_WARN_QUOTED_INCLUDE_IN_FRAMEWORK_HEADER = YES;
				CLANG_WARN_RANGE_LOOP_ANALYSIS = YES;
				CLANG_WARN_STRICT_PROTOTYPES = YES;
				CLANG_WARN_SUSPICIOUS_MOVE = YES;
				CLANG_WARN_UNGUARDED_AVAILABILITY = YES_AGGRESSIVE;
				CLANG_WARN_UNREACHABLE_CODE = YES;
				CLANG_WARN__DUPLICATE_METHOD_MATCH = YES;
				COPY_PHASE_STRIP = NO;
				DEBUG_INFORMATION_FORMAT = "dwarf-with-dsym";
				ENABLE_NS_ASSERTIONS = NO;
				ENABLE_STRICT_OBJC_MSGSEND = YES;
				GCC_C_LANGUAGE_STANDARD = gnu11;
				GCC_NO_COMMON_BLOCKS = YES;
				GCC_WARN_64_TO_32_BIT_CONVERSION = YES;
				GCC_WARN_ABOUT_RETURN_TYPE = YES_ERROR;
				GCC_WARN_UNDECLARED_SELECTOR = YES;
				GCC_WARN_UNINITIALIZED_AUTOS = YES_AGGRESSIVE;
				GCC_WARN_UNUSED_FUNCTION = YES;
				GCC_WARN_UNUSED_VARIABLE = YES;
				IPHONEOS_DEPLOYMENT_TARGET = 13.0;
				MTL_ENABLE_DEBUG_INFO = NO;
				MTL_FAST_MATH = YES;
				SDKROOT = iphoneos;
				SWIFT_COMPILATION_MODE = wholemodule;
				SWIFT_OPTIMIZATION_LEVEL = "-O";
				VALIDATE_PRODUCT = YES;
			};
			name = Release;
		};
		043CE6A92631F68600825E78 /* Debug */ = {
			isa = XCBuildConfiguration;
			baseConfigurationReference = B084B853AF8E6058C01004E8 /* Pods-Login_MVVM_RxSwift.debug.xcconfig */;
			buildSettings = {
				ASSETCATALOG_COMPILER_APPICON_NAME = AppIcon;
				ASSETCATALOG_COMPILER_GLOBAL_ACCENT_COLOR_NAME = AccentColor;
				CODE_SIGN_STYLE = Automatic;
				DEVELOPMENT_TEAM = JAFXX3WM47;
				INFOPLIST_FILE = Login_MVVM_RxSwift/Info.plist;
				LD_RUNPATH_SEARCH_PATHS = (
					"$(inherited)",
					"@executable_path/Frameworks",
				);
				PRODUCT_BUNDLE_IDENTIFIER = "com.app.Login-MVVM-RxSwift";
				PRODUCT_NAME = "$(TARGET_NAME)";
				SWIFT_VERSION = 5.0;
				TARGETED_DEVICE_FAMILY = "1,2";
			};
			name = Debug;
		};
		043CE6AA2631F68600825E78 /* Release */ = {
			isa = XCBuildConfiguration;
			baseConfigurationReference = 0F2523587C5D4361560DA1D0 /* Pods-Login_MVVM_RxSwift.release.xcconfig */;
			buildSettings = {
				ASSETCATALOG_COMPILER_APPICON_NAME = AppIcon;
				ASSETCATALOG_COMPILER_GLOBAL_ACCENT_COLOR_NAME = AccentColor;
				CODE_SIGN_STYLE = Automatic;
				DEVELOPMENT_TEAM = JAFXX3WM47;
				INFOPLIST_FILE = Login_MVVM_RxSwift/Info.plist;
				LD_RUNPATH_SEARCH_PATHS = (
					"$(inherited)",
					"@executable_path/Frameworks",
				);
				PRODUCT_BUNDLE_IDENTIFIER = "com.app.Login-MVVM-RxSwift";
				PRODUCT_NAME = "$(TARGET_NAME)";
				SWIFT_VERSION = 5.0;
				TARGETED_DEVICE_FAMILY = "1,2";
			};
			name = Release;
		};
/* End XCBuildConfiguration section */

/* Begin XCConfigurationList section */
		043CE68F2631F68400825E78 /* Build configuration list for PBXProject "Login_MVVM_RxSwift" */ = {
			isa = XCConfigurationList;
			buildConfigurations = (
				043CE6A62631F68600825E78 /* Debug */,
				043CE6A72631F68600825E78 /* Release */,
			);
			defaultConfigurationIsVisible = 0;
			defaultConfigurationName = Release;
		};
		043CE6A82631F68600825E78 /* Build configuration list for PBXNativeTarget "Login_MVVM_RxSwift" */ = {
			isa = XCConfigurationList;
			buildConfigurations = (
				043CE6A92631F68600825E78 /* Debug */,
				043CE6AA2631F68600825E78 /* Release */,
			);
			defaultConfigurationIsVisible = 0;
			defaultConfigurationName = Release;
		};
/* End XCConfigurationList section */
	};
	rootObject = 043CE68C2631F68400825E78 /* Project object */;
}
